
Microsoft Visual Studio Solution File, Format Version 12.00
# Visual Studio Version 17
VisualStudioVersion = 17.8.34316.72
MinimumVisualStudioVersion = 10.0.40219.1
Project("{8BC9CEB8-8B4A-11D0-8D11-00A0C91BC942}") = "vcpkg-cpr", "vcpkg-cpr\vcpkg-cpr.vcxproj", "{E2FDF903-56E0-492E-8B81-34BA52F52D18}"
EndProject
Global
	GlobalSection(SolutionConfigurationPlatforms) = preSolution
		Debug|x64 = Debug|x64
		Debug|x86 = Debug|x86
		Release|x64 = Release|x64
		Release|x86 = Release|x86
	EndGlobalSection
	GlobalSection(ProjectConfigurationPlatforms) = postSolution
		{E2FDF903-56E0-492E-8B81-34BA52F52D18}.Debug|x64.ActiveCfg = Debug|x64
		{E2FDF903-56E0-492E-8B81-34BA52F52D18}.Debug|x64.Build.0 = Debug|x64
		{E2FDF903-56E0-492E-8B81-34BA52F52D18}.Debug|x86.ActiveCfg = Debug|Win32
		{E2FDF903-56E0-492E-8B81-34BA52F52D18}.Debug|x86.Build.0 = Debug|Win32
		{E2FDF903-56E0-492E-8B81-34BA52F52D18}.Release|x64.ActiveCfg = Release|x64
		{E2FDF903-56E0-492E-8B81-34BA52F52D18}.Release|x64.Build.0 = Release|x64
		{E2FDF903-56E0-492E-8B81-34BA52F52D18}.Release|x86.ActiveCfg = Release|Win32
		{E2FDF903-56E0-492E-8B81-34BA52F52D18}.Release|x86.Build.0 = Release|Win32
	EndGlobalSection
	GlobalSection(SolutionProperties) = preSolution
		HideSolutionNode = FALSE
	EndGlobalSection
	GlobalSection(ExtensibilityGlobals) = postSolution
		SolutionGuid = {9F2E4027-3E87-48F4-AEEC-625C05E30760}
	EndGlobalSection
EndGlobal
